
Microsoft Visual Studio Solution File, Format Version 12.00
# Visual Studio Version 17
VisualStudioVersion = 17.1.31911.260
MinimumVisualStudioVersion = 10.0.40219.1
Project("{FAE04EC0-301F-11D3-BF4B-00C04F79EFBC}") = "Three-Dimensional V3", "Three-Dimensional V3\Three-Dimensional V3.csproj", "{13B333A0-D0CD-4139-A5FC-4A1DFC431707}"
EndProject
Global
	GlobalSection(SolutionConfigurationPlatforms) = preSolution
		Debug|Any CPU = Debug|Any CPU
		Release|Any CPU = Release|Any CPU
	EndGlobalSection
	GlobalSection(ProjectConfigurationPlatforms) = postSolution
		{13B333A0-D0CD-4139-A5FC-4A1DFC431707}.Debug|Any CPU.ActiveCfg = Debug|Any CPU
		{13B333A0-D0CD-4139-A5FC-4A1DFC431707}.Debug|Any CPU.Build.0 = Debug|Any CPU
		{13B333A0-D0CD-4139-A5FC-4A1DFC431707}.Release|Any CPU.ActiveCfg = Release|Any CPU
		{13B333A0-D0CD-4139-A5FC-4A1DFC431707}.Release|Any CPU.Build.0 = Release|Any CPU
	EndGlobalSection
	GlobalSection(SolutionProperties) = preSolution
		HideSolutionNode = FALSE
	EndGlobalSection
	GlobalSection(ExtensibilityGlobals) = postSolution
		SolutionGuid = {3B7364F0-7C7B-464A-8998-0B5F867D9B90}
	EndGlobalSection
EndGlobal
